// !$*UTF8*$!
{
	archiveVersion = 1;
	classes = {
	};
	objectVersion = 46;
	objects = {

/* Begin PBXBuildFile section */
		F13F04661C95ECC30096F5DA /* ReplaceSegue.swift in Sources */ = {isa = PBXBuildFile; fileRef = F13F04651C95ECC30096F5DA /* ReplaceSegue.swift */; };
		F185F4C01C71CCC800D7FCFB /* AppDelegate.swift in Sources */ = {isa = PBXBuildFile; fileRef = F185F4BF1C71CCC800D7FCFB /* AppDelegate.swift */; };
		F185F4C21C71CCC800D7FCFB /* ViewController.swift in Sources */ = {isa = PBXBuildFile; fileRef = F185F4C11C71CCC800D7FCFB /* ViewController.swift */; };
		F185F4C51C71CCC800D7FCFB /* Main.storyboard in Resources */ = {isa = PBXBuildFile; fileRef = F185F4C31C71CCC800D7FCFB /* Main.storyboard */; };
		F185F4C71C71CCC900D7FCFB /* Assets.xcassets in Resources */ = {isa = PBXBuildFile; fileRef = F185F4C61C71CCC900D7FCFB /* Assets.xcassets */; };
		F185F4CA1C71CCC900D7FCFB /* LaunchScreen.storyboard in Resources */ = {isa = PBXBuildFile; fileRef = F185F4C81C71CCC900D7FCFB /* LaunchScreen.storyboard */; };
		F185F4D51C71CCC900D7FCFB /* Find_the_CageTests.swift in Sources */ = {isa = PBXBuildFile; fileRef = F185F4D41C71CCC900D7FCFB /* Find_the_CageTests.swift */; };
		F185F4E01C71CCC900D7FCFB /* Find_the_CageUITests.swift in Sources */ = {isa = PBXBuildFile; fileRef = F185F4DF1C71CCC900D7FCFB /* Find_the_CageUITests.swift */; };
		F185F4EE1C71F07B00D7FCFB /* GameViewController.swift in Sources */ = {isa = PBXBuildFile; fileRef = F185F4ED1C71F07B00D7FCFB /* GameViewController.swift */; };
		F1DDC0ED1C95D6B400020DA6 /* Score.swift in Sources */ = {isa = PBXBuildFile; fileRef = F1DDC0EC1C95D6B300020DA6 /* Score.swift */; };
		F1DDC0EF1C95D8D700020DA6 /* HighscoreController.swift in Sources */ = {isa = PBXBuildFile; fileRef = F1DDC0EE1C95D8D700020DA6 /* HighscoreController.swift */; };
/* End PBXBuildFile section */

/* Begin PBXContainerItemProxy section */
		F185F4D11C71CCC900D7FCFB /* PBXContainerItemProxy */ = {
			isa = PBXContainerItemProxy;
			containerPortal = F185F4B41C71CCC800D7FCFB /* Project object */;
			proxyType = 1;
			remoteGlobalIDString = F185F4BB1C71CCC800D7FCFB;
			remoteInfo = "Find the Cage";
		};
		F185F4DC1C71CCC900D7FCFB /* PBXContainerItemProxy */ = {
			isa = PBXContainerItemProxy;
			containerPortal = F185F4B41C71CCC800D7FCFB /* Project object */;
			proxyType = 1;
			remoteGlobalIDString = F185F4BB1C71CCC800D7FCFB;
			remoteInfo = "Find the Cage";
		};
/* End PBXContainerItemProxy section */

/* Begin PBXFileReference section */
		F13F04651C95ECC30096F5DA /* ReplaceSegue.swift */ = {isa = PBXFileReference; fileEncoding = 4; lastKnownFileType = sourcecode.swift; path = ReplaceSegue.swift; sourceTree = "<group>"; };
		F185F4BC1C71CCC800D7FCFB /* Find the Cage.app */ = {isa = PBXFileReference; explicitFileType = wrapper.application; includeInIndex = 0; path = "Find the Cage.app"; sourceTree = BUILT_PRODUCTS_DIR; };
		F185F4BF1C71CCC800D7FCFB /* AppDelegate.swift */ = {isa = PBXFileReference; lastKnownFileType = sourcecode.swift; path = AppDelegate.swift; sourceTree = "<group>"; };
		F185F4C11C71CCC800D7FCFB /* ViewController.swift */ = {isa = PBXFileReference; lastKnownFileType = sourcecode.swift; path = ViewController.swift; sourceTree = "<group>"; };
		F185F4C41C71CCC800D7FCFB /* Base */ = {isa = PBXFileReference; lastKnownFileType = file.storyboard; name = Base; path = Base.lproj/Main.storyboard; sourceTree = "<group>"; };
		F185F4C61C71CCC900D7FCFB /* Assets.xcassets */ = {isa = PBXFileReference; lastKnownFileType = folder.assetcatalog; path = Assets.xcassets; sourceTree = "<group>"; };
		F185F4C91C71CCC900D7FCFB /* Base */ = {isa = PBXFileReference; lastKnownFileType = file.storyboard; name = Base; path = Base.lproj/LaunchScreen.storyboard; sourceTree = "<group>"; };
		F185F4CB1C71CCC900D7FCFB /* Info.plist */ = {isa = PBXFileReference; lastKnownFileType = text.plist.xml; path = Info.plist; sourceTree = "<group>"; };
		F185F4D01C71CCC900D7FCFB /* Find the CageTests.xctest */ = {isa = PBXFileReference; explicitFileType = wrapper.cfbundle; includeInIndex = 0; path = "Find the CageTests.xctest"; sourceTree = BUILT_PRODUCTS_DIR; };
		F185F4D41C71CCC900D7FCFB /* Find_the_CageTests.swift */ = {isa = PBXFileReference; lastKnownFileType = sourcecode.swift; path = Find_the_CageTests.swift; sourceTree = "<group>"; };
		F185F4D61C71CCC900D7FCFB /* Info.plist */ = {isa = PBXFileReference; lastKnownFileType = text.plist.xml; path = Info.plist; sourceTree = "<group>"; };
		F185F4DB1C71CCC900D7FCFB /* Find the CageUITests.xctest */ = {isa = PBXFileReference; explicitFileType = wrapper.cfbundle; includeInIndex = 0; path = "Find the CageUITests.xctest"; sourceTree = BUILT_PRODUCTS_DIR; };
		F185F4DF1C71CCC900D7FCFB /* Find_the_CageUITests.swift */ = {isa = PBXFileReference; lastKnownFileType = sourcecode.swift; path = Find_the_CageUITests.swift; sourceTree = "<group>"; };
		F185F4E11C71CCC900D7FCFB /* Info.plist */ = {isa = PBXFileReference; lastKnownFileType = text.plist.xml; path = Info.plist; sourceTree = "<group>"; };
		F185F4ED1C71F07B00D7FCFB /* GameViewController.swift */ = {isa = PBXFileReference; fileEncoding = 4; lastKnownFileType = sourcecode.swift; path = GameViewController.swift; sourceTree = "<group>"; };
		F1DDC0EC1C95D6B300020DA6 /* Score.swift */ = {isa = PBXFileReference; fileEncoding = 4; lastKnownFileType = sourcecode.swift; path = Score.swift; sourceTree = "<group>"; };
		F1DDC0EE1C95D8D700020DA6 /* HighscoreController.swift */ = {isa = PBXFileReference; fileEncoding = 4; lastKnownFileType = sourcecode.swift; path = HighscoreController.swift; sourceTree = "<group>"; };
/* End PBXFileReference section */

/* Begin PBXFrameworksBuildPhase section */
		F185F4B91C71CCC800D7FCFB /* Frameworks */ = {
			isa = PBXFrameworksBuildPhase;
			buildActionMask = 2147483647;
			files = (
			);
			runOnlyForDeploymentPostprocessing = 0;
		};
		F185F4CD1C71CCC900D7FCFB /* Frameworks */ = {
			isa = PBXFrameworksBuildPhase;
			buildActionMask = 2147483647;
			files = (
			);
			runOnlyForDeploymentPostprocessing = 0;
		};
		F185F4D81C71CCC900D7FCFB /* Frameworks */ = {
			isa = PBXFrameworksBuildPhase;
			buildActionMask = 2147483647;
			files = (
			);
			runOnlyForDeploymentPostprocessing = 0;
		};
/* End PBXFrameworksBuildPhase section */

/* Begin PBXGroup section */
		F185F4B31C71CCC800D7FCFB = {
			isa = PBXGroup;
			children = (
				F185F4BE1C71CCC800D7FCFB /* Find the Cage */,
				F185F4D31C71CCC900D7FCFB /* Find the CageTests */,
				F185F4DE1C71CCC900D7FCFB /* Find the CageUITests */,
				F185F4BD1C71CCC800D7FCFB /* Products */,
			);
			sourceTree = "<group>";
		};
		F185F4BD1C71CCC800D7FCFB /* Products */ = {
			isa = PBXGroup;
			children = (
				F185F4BC1C71CCC800D7FCFB /* Find the Cage.app */,
				F185F4D01C71CCC900D7FCFB /* Find the CageTests.xctest */,
				F185F4DB1C71CCC900D7FCFB /* Find the CageUITests.xctest */,
			);
			name = Products;
			sourceTree = "<group>";
		};
		F185F4BE1C71CCC800D7FCFB /* Find the Cage */ = {
			isa = PBXGroup;
			children = (
				F185F4BF1C71CCC800D7FCFB /* AppDelegate.swift */,
				F185F4C11C71CCC800D7FCFB /* ViewController.swift */,
				F185F4C31C71CCC800D7FCFB /* Main.storyboard */,
				F185F4C61C71CCC900D7FCFB /* Assets.xcassets */,
				F185F4C81C71CCC900D7FCFB /* LaunchScreen.storyboard */,
				F185F4CB1C71CCC900D7FCFB /* Info.plist */,
				F185F4ED1C71F07B00D7FCFB /* GameViewController.swift */,
				F1DDC0EC1C95D6B300020DA6 /* Score.swift */,
				F1DDC0EE1C95D8D700020DA6 /* HighscoreController.swift */,
				F13F04651C95ECC30096F5DA /* ReplaceSegue.swift */,
			);
			path = "Find the Cage";
			sourceTree = "<group>";
		};
		F185F4D31C71CCC900D7FCFB /* Find the CageTests */ = {
			isa = PBXGroup;
			children = (
				F185F4D41C71CCC900D7FCFB /* Find_the_CageTests.swift */,
				F185F4D61C71CCC900D7FCFB /* Info.plist */,
			);
			path = "Find the CageTests";
			sourceTree = "<group>";
		};
		F185F4DE1C71CCC900D7FCFB /* Find the CageUITests */ = {
			isa = PBXGroup;
			children = (
				F185F4DF1C71CCC900D7FCFB /* Find_the_CageUITests.swift */,
				F185F4E11C71CCC900D7FCFB /* Info.plist */,
			);
			path = "Find the CageUITests";
			sourceTree = "<group>";
		};
/* End PBXGroup section */

/* Begin PBXNativeTarget section */
		F185F4BB1C71CCC800D7FCFB /* Find the Cage */ = {
			isa = PBXNativeTarget;
			buildConfigurationList = F185F4E41C71CCC900D7FCFB /* Build configuration list for PBXNativeTarget "Find the Cage" */;
			buildPhases = (
				F185F4B81C71CCC800D7FCFB /* Sources */,
				F185F4B91C71CCC800D7FCFB /* Frameworks */,
				F185F4BA1C71CCC800D7FCFB /* Resources */,
			);
			buildRules = (
			);
			dependencies = (
			);
			name = "Find the Cage";
			productName = "Find the Cage";
			productReference = F185F4BC1C71CCC800D7FCFB /* Find the Cage.app */;
			productType = "com.apple.product-type.application";
		};
		F185F4CF1C71CCC900D7FCFB /* Find the CageTests */ = {
			isa = PBXNativeTarget;
			buildConfigurationList = F185F4E71C71CCC900D7FCFB /* Build configuration list for PBXNativeTarget "Find the CageTests" */;
			buildPhases = (
				F185F4CC1C71CCC900D7FCFB /* Sources */,
				F185F4CD1C71CCC900D7FCFB /* Frameworks */,
				F185F4CE1C71CCC900D7FCFB /* Resources */,
			);
			buildRules = (
			);
			dependencies = (
				F185F4D21C71CCC900D7FCFB /* PBXTargetDependency */,
			);
			name = "Find the CageTests";
			productName = "Find the CageTests";
			productReference = F185F4D01C71CCC900D7FCFB /* Find the CageTests.xctest */;
			productType = "com.apple.product-type.bundle.unit-test";
		};
		F185F4DA1C71CCC900D7FCFB /* Find the CageUITests */ = {
			isa = PBXNativeTarget;
			buildConfigurationList = F185F4EA1C71CCC900D7FCFB /* Build configuration list for PBXNativeTarget "Find the CageUITests" */;
			buildPhases = (
				F185F4D71C71CCC900D7FCFB /* Sources */,
				F185F4D81C71CCC900D7FCFB /* Frameworks */,
				F185F4D91C71CCC900D7FCFB /* Resources */,
			);
			buildRules = (
			);
			dependencies = (
				F185F4DD1C71CCC900D7FCFB /* PBXTargetDependency */,
			);
			name = "Find the CageUITests";
			productName = "Find the CageUITests";
			productReference = F185F4DB1C71CCC900D7FCFB /* Find the CageUITests.xctest */;
			productType = "com.apple.product-type.bundle.ui-testing";
		};
/* End PBXNativeTarget section */

/* Begin PBXProject section */
		F185F4B41C71CCC800D7FCFB /* Project object */ = {
			isa = PBXProject;
			attributes = {
				LastSwiftUpdateCheck = 0720;
				LastUpgradeCheck = 0720;
				ORGANIZATIONNAME = Ascenceur;
				TargetAttributes = {
					F185F4BB1C71CCC800D7FCFB = {
						CreatedOnToolsVersion = 7.2;
					};
					F185F4CF1C71CCC900D7FCFB = {
						CreatedOnToolsVersion = 7.2;
						TestTargetID = F185F4BB1C71CCC800D7FCFB;
					};
					F185F4DA1C71CCC900D7FCFB = {
						CreatedOnToolsVersion = 7.2;
						TestTargetID = F185F4BB1C71CCC800D7FCFB;
					};
				};
			};
			buildConfigurationList = F185F4B71C71CCC800D7FCFB /* Build configuration list for PBXProject "Find the Cage" */;
			compatibilityVersion = "Xcode 3.2";
			developmentRegion = English;
			hasScannedForEncodings = 0;
			knownRegions = (
				en,
				Base,
			);
			mainGroup = F185F4B31C71CCC800D7FCFB;
			productRefGroup = F185F4BD1C71CCC800D7FCFB /* Products */;
			projectDirPath = "";
			projectRoot = "";
			targets = (
				F185F4BB1C71CCC800D7FCFB /* Find the Cage */,
				F185F4CF1C71CCC900D7FCFB /* Find the CageTests */,
				F185F4DA1C71CCC900D7FCFB /* Find the CageUITests */,
			);
		};
/* End PBXProject section */

/* Begin PBXResourcesBuildPhase section */
		F185F4BA1C71CCC800D7FCFB /* Resources */ = {
			isa = PBXResourcesBuildPhase;
			buildActionMask = 2147483647;
			files = (
				F185F4CA1C71CCC900D7FCFB /* LaunchScreen.storyboard in Resources */,
				F185F4C71C71CCC900D7FCFB /* Assets.xcassets in Resources */,
				F185F4C51C71CCC800D7FCFB /* Main.storyboard in Resources */,
			);
			runOnlyForDeploymentPostprocessing = 0;
		};
		F185F4CE1C71CCC900D7FCFB /* Resources */ = {
			isa = PBXResourcesBuildPhase;
			buildActionMask = 2147483647;
			files = (
			);
			runOnlyForDeploymentPostprocessing = 0;
		};
		F185F4D91C71CCC900D7FCFB /* Resources */ = {
			isa = PBXResourcesBuildPhase;
			buildActionMask = 2147483647;
			files = (
			);
			runOnlyForDeploymentPostprocessing = 0;
		};
/* End PBXResourcesBuildPhase section */

/* Begin PBXSourcesBuildPhase section */
		F185F4B81C71CCC800D7FCFB /* Sources */ = {
			isa = PBXSourcesBuildPhase;
			buildActionMask = 2147483647;
			files = (
				F185F4C21C71CCC800D7FCFB /* ViewController.swift in Sources */,
				F1DDC0EF1C95D8D700020DA6 /* HighscoreController.swift in Sources */,
				F13F04661C95ECC30096F5DA /* ReplaceSegue.swift in Sources */,
				F185F4EE1C71F07B00D7FCFB /* GameViewController.swift in Sources */,
				F1DDC0ED1C95D6B400020DA6 /* Score.swift in Sources */,
				F185F4C01C71CCC800D7FCFB /* AppDelegate.swift in Sources */,
			);
			runOnlyForDeploymentPostprocessing = 0;
		};
		F185F4CC1C71CCC900D7FCFB /* Sources */ = {
			isa = PBXSourcesBuildPhase;
			buildActionMask = 2147483647;
			files = (
				F185F4D51C71CCC900D7FCFB /* Find_the_CageTests.swift in Sources */,
			);
			runOnlyForDeploymentPostprocessing = 0;
		};
		F185F4D71C71CCC900D7FCFB /* Sources */ = {
			isa = PBXSourcesBuildPhase;
			buildActionMask = 2147483647;
			files = (
				F185F4E01C71CCC900D7FCFB /* Find_the_CageUITests.swift in Sources */,
			);
			runOnlyForDeploymentPostprocessing = 0;
		};
/* End PBXSourcesBuildPhase section */

/* Begin PBXTargetDependency section */
		F185F4D21C71CCC900D7FCFB /* PBXTargetDependency */ = {
			isa = PBXTargetDependency;
			target = F185F4BB1C71CCC800D7FCFB /* Find the Cage */;
			targetProxy = F185F4D11C71CCC900D7FCFB /* PBXContainerItemProxy */;
		};
		F185F4DD1C71CCC900D7FCFB /* PBXTargetDependency */ = {
			isa = PBXTargetDependency;
			target = F185F4BB1C71CCC800D7FCFB /* Find the Cage */;
			targetProxy = F185F4DC1C71CCC900D7FCFB /* PBXContainerItemProxy */;
		};
/* End PBXTargetDependency section */

/* Begin PBXVariantGroup section */
		F185F4C31C71CCC800D7FCFB /* Main.storyboard */ = {
			isa = PBXVariantGroup;
			children = (
				F185F4C41C71CCC800D7FCFB /* Base */,
			);
			name = Main.storyboard;
			sourceTree = "<group>";
		};
		F185F4C81C71CCC900D7FCFB /* LaunchScreen.storyboard */ = {
			isa = PBXVariantGroup;
			children = (
				F185F4C91C71CCC900D7FCFB /* Base */,
			);
			name = LaunchScreen.storyboard;
			sourceTree = "<group>";
		};
/* End PBXVariantGroup section */

/* Begin XCBuildConfiguration section */
		F185F4E21C71CCC900D7FCFB /* Debug */ = {
			isa = XCBuildConfiguration;
			buildSettings = {
				ALWAYS_SEARCH_USER_PATHS = NO;
				CLANG_CXX_LANGUAGE_STANDARD = "gnu++0x";
				CLANG_CXX_LIBRARY = "libc++";
				CLANG_ENABLE_MODULES = YES;
				CLANG_ENABLE_OBJC_ARC = YES;
				CLANG_WARN_BOOL_CONVERSION = YES;
				CLANG_WARN_CONSTANT_CONVERSION = YES;
				CLANG_WARN_DIRECT_OBJC_ISA_USAGE = YES_ERROR;
				CLANG_WARN_EMPTY_BODY = YES;
				CLANG_WARN_ENUM_CONVERSION = YES;
				CLANG_WARN_INT_CONVERSION = YES;
				CLANG_WARN_OBJC_ROOT_CLASS = YES_ERROR;
				CLANG_WARN_UNREACHABLE_CODE = YES;
				CLANG_WARN__DUPLICATE_METHOD_MATCH = YES;
				"CODE_SIGN_IDENTITY[sdk=iphoneos*]" = "iPhone Developer";
				COPY_PHASE_STRIP = NO;
				DEBUG_INFORMATION_FORMAT = dwarf;
				ENABLE_STRICT_OBJC_MSGSEND = YES;
				ENABLE_TESTABILITY = YES;
				GCC_C_LANGUAGE_STANDARD = gnu99;
				GCC_DYNAMIC_NO_PIC = NO;
				GCC_NO_COMMON_BLOCKS = YES;
				GCC_OPTIMIZATION_LEVEL = 0;
				GCC_PREPROCESSOR_DEFINITIONS = (
					"DEBUG=1",
					"$(inherited)",
				);
				GCC_WARN_64_TO_32_BIT_CONVERSION = YES;
				GCC_WARN_ABOUT_RETURN_TYPE = YES_ERROR;
				GCC_WARN_UNDECLARED_SELECTOR = YES;
				GCC_WARN_UNINITIALIZED_AUTOS = YES_AGGRESSIVE;
				GCC_WARN_UNUSED_FUNCTION = YES;
				GCC_WARN_UNUSED_VARIABLE = YES;
				IPHONEOS_DEPLOYMENT_TARGET = 9.2;
				MTL_ENABLE_DEBUG_INFO = YES;
				ONLY_ACTIVE_ARCH = YES;
				SDKROOT = iphoneos;
				SWIFT_OPTIMIZATION_LEVEL = "-Onone";
				TARGETED_DEVICE_FAMILY = "1,2";
			};
			name = Debug;
		};
		F185F4E31C71CCC900D7FCFB /* Release */ = {
			isa = XCBuildConfiguration;
			buildSettings = {
				ALWAYS_SEARCH_USER_PATHS = NO;
				CLANG_CXX_LANGUAGE_STANDARD = "gnu++0x";
				CLANG_CXX_LIBRARY = "libc++";
				CLANG_ENABLE_MODULES = YES;
				CLANG_ENABLE_OBJC_ARC = YES;
				CLANG_WARN_BOOL_CONVERSION = YES;
				CLANG_WARN_CONSTANT_CONVERSION = YES;
				CLANG_WARN_DIRECT_OBJC_ISA_USAGE = YES_ERROR;
				CLANG_WARN_EMPTY_BODY = YES;
				CLANG_WARN_ENUM_CONVERSION = YES;
				CLANG_WARN_INT_CONVERSION = YES;
				CLANG_WARN_OBJC_ROOT_CLASS = YES_ERROR;
				CLANG_WARN_UNREACHABLE_CODE = YES;
				CLANG_WARN__DUPLICATE_METHOD_MATCH = YES;
				"CODE_SIGN_IDENTITY[sdk=iphoneos*]" = "iPhone Developer";
				COPY_PHASE_STRIP = NO;
				DEBUG_INFORMATION_FORMAT = "dwarf-with-dsym";
				ENABLE_NS_ASSERTIONS = NO;
				ENABLE_STRICT_OBJC_MSGSEND = YES;
				GCC_C_LANGUAGE_STANDARD = gnu99;
				GCC_NO_COMMON_BLOCKS = YES;
				GCC_WARN_64_TO_32_BIT_CONVERSION = YES;
				GCC_WARN_ABOUT_RETURN_TYPE = YES_ERROR;
				GCC_WARN_UNDECLARED_SELECTOR = YES;
				GCC_WARN_UNINITIALIZED_AUTOS = YES_AGGRESSIVE;
				GCC_WARN_UNUSED_FUNCTION = YES;
				GCC_WARN_UNUSED_VARIABLE = YES;
				IPHONEOS_DEPLOYMENT_TARGET = 9.2;
				MTL_ENABLE_DEBUG_INFO = NO;
				SDKROOT = iphoneos;
				TARGETED_DEVICE_FAMILY = "1,2";
				VALIDATE_PRODUCT = YES;
			};
			name = Release;
		};
		F185F4E51C71CCC900D7FCFB /* Debug */ = {
			isa = XCBuildConfiguration;
			buildSettings = {
				ASSETCATALOG_COMPILER_APPICON_NAME = AppIcon;
				INFOPLIST_FILE = "Find the Cage/Info.plist";
				LD_RUNPATH_SEARCH_PATHS = "$(inherited) @executable_path/Frameworks";
				PRODUCT_BUNDLE_IDENTIFIER = com.ascenceur.findthecage;
				PRODUCT_NAME = "$(TARGET_NAME)";
			};
			name = Debug;
		};
		F185F4E61C71CCC900D7FCFB /* Release */ = {
			isa = XCBuildConfiguration;
			buildSettings = {
				ASSETCATALOG_COMPILER_APPICON_NAME = AppIcon;
				INFOPLIST_FILE = "Find the Cage/Info.plist";
				LD_RUNPATH_SEARCH_PATHS = "$(inherited) @executable_path/Frameworks";
				PRODUCT_BUNDLE_IDENTIFIER = com.ascenceur.findthecage;
				PRODUCT_NAME = "$(TARGET_NAME)";
			};
			name = Release;
		};
		F185F4E81C71CCC900D7FCFB /* Debug */ = {
			isa = XCBuildConfiguration;
			buildSettings = {
				BUNDLE_LOADER = "$(TEST_HOST)";
				INFOPLIST_FILE = "Find the CageTests/Info.plist";
				LD_RUNPATH_SEARCH_PATHS = "$(inherited) @executable_path/Frameworks @loader_path/Frameworks";
				PRODUCT_BUNDLE_IDENTIFIER = "com.ascenceur.Find-the-CageTests";
				PRODUCT_NAME = "$(TARGET_NAME)";
				TEST_HOST = "$(BUILT_PRODUCTS_DIR)/Find the Cage.app/Find the Cage";
			};
			name = Debug;
		};
		F185F4E91C71CCC900D7FCFB /* Release */ = {
			isa = XCBuildConfiguration;
			buildSettings = {
				BUNDLE_LOADER = "$(TEST_HOST)";
				INFOPLIST_FILE = "Find the CageTests/Info.plist";
				LD_RUNPATH_SEARCH_PATHS = "$(inherited) @executable_path/Frameworks @loader_path/Frameworks";
				PRODUCT_BUNDLE_IDENTIFIER = "com.ascenceur.Find-the-CageTests";
				PRODUCT_NAME = "$(TARGET_NAME)";
				TEST_HOST = "$(BUILT_PRODUCTS_DIR)/Find the Cage.app/Find the Cage";
			};
			name = Release;
		};
		F185F4EB1C71CCC900D7FCFB /* Debug */ = {
			isa = XCBuildConfiguration;
			buildSettings = {
				INFOPLIST_FILE = "Find the CageUITests/Info.plist";
				LD_RUNPATH_SEARCH_PATHS = "$(inherited) @executable_path/Frameworks @loader_path/Frameworks";
				PRODUCT_BUNDLE_IDENTIFIER = "com.ascenceur.Find-the-CageUITests";
				PRODUCT_NAME = "$(TARGET_NAME)";
				TEST_TARGET_NAME = "Find the Cage";
				USES_XCTRUNNER = YES;
			};
			name = Debug;
		};
		F185F4EC1C71CCC900D7FCFB /* Release */ = {
			isa = XCBuildConfiguration;
			buildSettings = {
				INFOPLIST_FILE = "Find the CageUITests/Info.plist";
				LD_RUNPATH_SEARCH_PATHS = "$(inherited) @executable_path/Frameworks @loader_path/Frameworks";
				PRODUCT_BUNDLE_IDENTIFIER = "com.ascenceur.Find-the-CageUITests";
				PRODUCT_NAME = "$(TARGET_NAME)";
				TEST_TARGET_NAME = "Find the Cage";
				USES_XCTRUNNER = YES;
			};
			name = Release;
		};
/* End XCBuildConfiguration section */

/* Begin XCConfigurationList section */
		F185F4B71C71CCC800D7FCFB /* Build configuration list for PBXProject "Find the Cage" */ = {
			isa = XCConfigurationList;
			buildConfigurations = (
				F185F4E21C71CCC900D7FCFB /* Debug */,
				F185F4E31C71CCC900D7FCFB /* Release */,
			);
			defaultConfigurationIsVisible = 0;
			defaultConfigurationName = Release;
		};
		F185F4E41C71CCC900D7FCFB /* Build configuration list for PBXNativeTarget "Find the Cage" */ = {
			isa = XCConfigurationList;
			buildConfigurations = (
				F185F4E51C71CCC900D7FCFB /* Debug */,
				F185F4E61C71CCC900D7FCFB /* Release */,
			);
			defaultConfigurationIsVisible = 0;
			defaultConfigurationName = Release;
		};
		F185F4E71C71CCC900D7FCFB /* Build configuration list for PBXNativeTarget "Find the CageTests" */ = {
			isa = XCConfigurationList;
			buildConfigurations = (
				F185F4E81C71CCC900D7FCFB /* Debug */,
				F185F4E91C71CCC900D7FCFB /* Release */,
			);
			defaultConfigurationIsVisible = 0;
			defaultConfigurationName = Release;
		};
		F185F4EA1C71CCC900D7FCFB /* Build configuration list for PBXNativeTarget "Find the CageUITests" */ = {
			isa = XCConfigurationList;
			buildConfigurations = (
				F185F4EB1C71CCC900D7FCFB /* Debug */,
				F185F4EC1C71CCC900D7FCFB /* Release */,
			);
			defaultConfigurationIsVisible = 0;
			defaultConfigurationName = Release;
		};
/* End XCConfigurationList section */
	};
	rootObject = F185F4B41C71CCC800D7FCFB /* Project object */;
}
